// !$*UTF8*$!
{
	archiveVersion = 1;
	classes = {
	};
	objectVersion = 46;
	objects = {

/* Begin PBXBuildFile section */
		73006E291CCF812700AF6D09 /* UserTable.m in Sources */ = {isa = PBXBuildFile; fileRef = 73006E281CCF812700AF6D09 /* UserTable.m */; };
		733083311CD0C0EC00DD1747 /* UserTagsCell.m in Sources */ = {isa = PBXBuildFile; fileRef = 733083301CD0C0EC00DD1747 /* UserTagsCell.m */; };
		7344097C1CC2D71F0028F650 /* Settings.m in Sources */ = {isa = PBXBuildFile; fileRef = 7344097B1CC2D71F0028F650 /* Settings.m */; };
		734409851CC2D73C0028F650 /* DetailedRoomCell.m in Sources */ = {isa = PBXBuildFile; fileRef = 7344097E1CC2D73C0028F650 /* DetailedRoomCell.m */; };
		734409861CC2D73C0028F650 /* ChatCell.m in Sources */ = {isa = PBXBuildFile; fileRef = 734409801CC2D73C0028F650 /* ChatCell.m */; };
		734409871CC2D73C0028F650 /* SelfChatCell.m in Sources */ = {isa = PBXBuildFile; fileRef = 734409821CC2D73C0028F650 /* SelfChatCell.m */; };
		734409881CC2D73C0028F650 /* SettingsCell.m in Sources */ = {isa = PBXBuildFile; fileRef = 734409841CC2D73C0028F650 /* SettingsCell.m */; };
		7344098B1CC2D7490028F650 /* Room.m in Sources */ = {isa = PBXBuildFile; fileRef = 7344098A1CC2D7490028F650 /* Room.m */; };
		734409901CC2D7850028F650 /* DateChecker.m in Sources */ = {isa = PBXBuildFile; fileRef = 7344098D1CC2D7850028F650 /* DateChecker.m */; };
		734409911CC2D7850028F650 /* ExtraFucntions.m in Sources */ = {isa = PBXBuildFile; fileRef = 7344098F1CC2D7850028F650 /* ExtraFucntions.m */; };
		734409991CC2D7BD0028F650 /* _README.md in Sources */ = {isa = PBXBuildFile; fileRef = 734409931CC2D7BD0028F650 /* _README.md */; };
		7344099A1CC2D7BD0028F650 /* _LICENSE.txt in Resources */ = {isa = PBXBuildFile; fileRef = 734409941CC2D7BD0028F650 /* _LICENSE.txt */; };
		7344099B1CC2D7BD0028F650 /* HPGrowingTextView.m in Sources */ = {isa = PBXBuildFile; fileRef = 734409961CC2D7BD0028F650 /* HPGrowingTextView.m */; };
		7344099C1CC2D7BD0028F650 /* HPTextViewInternal.m in Sources */ = {isa = PBXBuildFile; fileRef = 734409981CC2D7BD0028F650 /* HPTextViewInternal.m */; };
		736173DA1CBD2CCC00B93907 /* ErrorHandler.m in Sources */ = {isa = PBXBuildFile; fileRef = 736173D91CBD2CCC00B93907 /* ErrorHandler.m */; };
		736173DD1CBD2D5E00B93907 /* TopicsCell.m in Sources */ = {isa = PBXBuildFile; fileRef = 736173DC1CBD2D5E00B93907 /* TopicsCell.m */; };
		736173E11CBD2DB900B93907 /* UIColorExpanded.m in Sources */ = {isa = PBXBuildFile; fileRef = 736173E01CBD2DB900B93907 /* UIColorExpanded.m */; };
		736A1D481CD27660003F7A27 /* pushnotificationsView.m in Sources */ = {isa = PBXBuildFile; fileRef = 736A1D471CD27660003F7A27 /* pushnotificationsView.m */; };
		736A1D4D1CD27742003F7A27 /* pushnotificationsCell.m in Sources */ = {isa = PBXBuildFile; fileRef = 736A1D4C1CD27742003F7A27 /* pushnotificationsCell.m */; };
		7385981A1CABCC100089FB26 /* main.m in Sources */ = {isa = PBXBuildFile; fileRef = 738598191CABCC100089FB26 /* main.m */; };
		7385981D1CABCC100089FB26 /* AppDelegate.m in Sources */ = {isa = PBXBuildFile; fileRef = 7385981C1CABCC100089FB26 /* AppDelegate.m */; };
		738598201CABCC100089FB26 /* ViewController.m in Sources */ = {isa = PBXBuildFile; fileRef = 7385981F1CABCC100089FB26 /* ViewController.m */; };
		738598231CABCC100089FB26 /* Main.storyboard in Resources */ = {isa = PBXBuildFile; fileRef = 738598211CABCC100089FB26 /* Main.storyboard */; };
		738598251CABCC100089FB26 /* Assets.xcassets in Resources */ = {isa = PBXBuildFile; fileRef = 738598241CABCC100089FB26 /* Assets.xcassets */; };
		738598281CABCC100089FB26 /* LaunchScreen.storyboard in Resources */ = {isa = PBXBuildFile; fileRef = 738598261CABCC100089FB26 /* LaunchScreen.storyboard */; };
		738598331CABCC100089FB26 /* LnuChatTests.m in Sources */ = {isa = PBXBuildFile; fileRef = 738598321CABCC100089FB26 /* LnuChatTests.m */; };
		7385983E1CABCC100089FB26 /* LnuChatUITests.m in Sources */ = {isa = PBXBuildFile; fileRef = 7385983D1CABCC100089FB26 /* LnuChatUITests.m */; };
		73A0ABF31CAD000B008D86B2 /* Register.m in Sources */ = {isa = PBXBuildFile; fileRef = 73A0ABF21CAD000B008D86B2 /* Register.m */; };
		73A0ABF61CAD0107008D86B2 /* Localizable.strings in Resources */ = {isa = PBXBuildFile; fileRef = 73A0ABF81CAD0107008D86B2 /* Localizable.strings */; };
		73D435BC1CAC884F00785AAF /* Login.m in Sources */ = {isa = PBXBuildFile; fileRef = 73D435BB1CAC884F00785AAF /* Login.m */; };
		73D435C01CAC889700785AAF /* Design.m in Sources */ = {isa = PBXBuildFile; fileRef = 73D435BF1CAC889700785AAF /* Design.m */; };
		73F16E471CB1ABDB0036DF61 /* LICENSE.txt in Resources */ = {isa = PBXBuildFile; fileRef = 73F16E3E1CB1ABDB0036DF61 /* LICENSE.txt */; };
		73F16E481CB1ABDB0036DF61 /* SVIndefiniteAnimatedView.m in Sources */ = {isa = PBXBuildFile; fileRef = 73F16E401CB1ABDB0036DF61 /* SVIndefiniteAnimatedView.m */; };
		73F16E491CB1ABDB0036DF61 /* SVProgressHUD.bundle in Resources */ = {isa = PBXBuildFile; fileRef = 73F16E421CB1ABDB0036DF61 /* SVProgressHUD.bundle */; };
		73F16E4A1CB1ABDB0036DF61 /* SVProgressHUD.m in Sources */ = {isa = PBXBuildFile; fileRef = 73F16E441CB1ABDB0036DF61 /* SVProgressHUD.m */; };
		73F16E4B1CB1ABDB0036DF61 /* SVRadialGradientLayer.m in Sources */ = {isa = PBXBuildFile; fileRef = 73F16E461CB1ABDB0036DF61 /* SVRadialGradientLayer.m */; };
		73F16E4E1CB1AC360036DF61 /* ChooseName.m in Sources */ = {isa = PBXBuildFile; fileRef = 73F16E4D1CB1AC360036DF61 /* ChooseName.m */; };
		73F16E531CB1AC3B0036DF61 /* NewPassword.m in Sources */ = {isa = PBXBuildFile; fileRef = 73F16E501CB1AC3B0036DF61 /* NewPassword.m */; };
		73F16E541CB1AC3B0036DF61 /* License.m in Sources */ = {isa = PBXBuildFile; fileRef = 73F16E521CB1AC3B0036DF61 /* License.m */; };
		8C472C67203ED6B400A90BF6 /* menu@3x.png in Resources */ = {isa = PBXBuildFile; fileRef = 8C472C63203ED6B400A90BF6 /* menu@3x.png */; };
		8C472C68203ED6B400A90BF6 /* settings@3x.png in Resources */ = {isa = PBXBuildFile; fileRef = 8C472C64203ED6B400A90BF6 /* settings@3x.png */; };
		8C472C69203ED6B400A90BF6 /* cross@3x.png in Resources */ = {isa = PBXBuildFile; fileRef = 8C472C65203ED6B400A90BF6 /* cross@3x.png */; };
		8C472C6A203ED6B400A90BF6 /* ImagesFrom in Resources */ = {isa = PBXBuildFile; fileRef = 8C472C66203ED6B400A90BF6 /* ImagesFrom */; };
		8C472C70203ED6B900A90BF6 /* 76.png in Resources */ = {isa = PBXBuildFile; fileRef = 8C472C6B203ED6B900A90BF6 /* 76.png */; };
		8C472C71203ED6B900A90BF6 /* 167.png in Resources */ = {isa = PBXBuildFile; fileRef = 8C472C6C203ED6B900A90BF6 /* 167.png */; };
		8C472C72203ED6B900A90BF6 /* 180.png in Resources */ = {isa = PBXBuildFile; fileRef = 8C472C6D203ED6B900A90BF6 /* 180.png */; };
		8C472C73203ED6B900A90BF6 /* 120.png in Resources */ = {isa = PBXBuildFile; fileRef = 8C472C6E203ED6B900A90BF6 /* 120.png */; };
		8C472C74203ED6B900A90BF6 /* 152.png in Resources */ = {isa = PBXBuildFile; fileRef = 8C472C6F203ED6B900A90BF6 /* 152.png */; };
/* End PBXBuildFile section */

/* Begin PBXContainerItemProxy section */
		7385982F1CABCC100089FB26 /* PBXContainerItemProxy */ = {
			isa = PBXContainerItemProxy;
			containerPortal = 7385980D1CABCC100089FB26 /* Project object */;
			proxyType = 1;
			remoteGlobalIDString = 738598141CABCC100089FB26;
			remoteInfo = LnuChat;
		};
		7385983A1CABCC100089FB26 /* PBXContainerItemProxy */ = {
			isa = PBXContainerItemProxy;
			containerPortal = 7385980D1CABCC100089FB26 /* Project object */;
			proxyType = 1;
			remoteGlobalIDString = 738598141CABCC100089FB26;
			remoteInfo = LnuChat;
		};
/* End PBXContainerItemProxy section */

/* Begin PBXFileReference section */
		0EFABC3F3108FF6EDEDD5259 /* Pods-LnuChatUITests.debug.xcconfig */ = {isa = PBXFileReference; includeInIndex = 1; lastKnownFileType = text.xcconfig; name = "Pods-LnuChatUITests.debug.xcconfig"; path = "Pods/Target Support Files/Pods-LnuChatUITests/Pods-LnuChatUITests.debug.xcconfig"; sourceTree = "<group>"; };
		5610171E8C69CA3FB0105671 /* Pods-LnuChatTests.release.xcconfig */ = {isa = PBXFileReference; includeInIndex = 1; lastKnownFileType = text.xcconfig; name = "Pods-LnuChatTests.release.xcconfig"; path = "Pods/Target Support Files/Pods-LnuChatTests/Pods-LnuChatTests.release.xcconfig"; sourceTree = "<group>"; };
		58A881EF3846B6BAFA12245B /* Pods-LnuChatTests.debug.xcconfig */ = {isa = PBXFileReference; includeInIndex = 1; lastKnownFileType = text.xcconfig; name = "Pods-LnuChatTests.debug.xcconfig"; path = "Pods/Target Support Files/Pods-LnuChatTests/Pods-LnuChatTests.debug.xcconfig"; sourceTree = "<group>"; };
		73006E271CCF812700AF6D09 /* UserTable.h */ = {isa = PBXFileReference; fileEncoding = 4; lastKnownFileType = sourcecode.c.h; path = UserTable.h; sourceTree = "<group>"; };
		73006E281CCF812700AF6D09 /* UserTable.m */ = {isa = PBXFileReference; fileEncoding = 4; lastKnownFileType = sourcecode.c.objc; path = UserTable.m; sourceTree = "<group>"; };
		7330832F1CD0C0EC00DD1747 /* UserTagsCell.h */ = {isa = PBXFileReference; fileEncoding = 4; lastKnownFileType = sourcecode.c.h; path = UserTagsCell.h; sourceTree = "<group>"; };
		733083301CD0C0EC00DD1747 /* UserTagsCell.m */ = {isa = PBXFileReference; fileEncoding = 4; lastKnownFileType = sourcecode.c.objc; path = UserTagsCell.m; sourceTree = "<group>"; };
		7344097A1CC2D71F0028F650 /* Settings.h */ = {isa = PBXFileReference; fileEncoding = 4; lastKnownFileType = sourcecode.c.h; path = Settings.h; sourceTree = "<group>"; };
		7344097B1CC2D71F0028F650 /* Settings.m */ = {isa = PBXFileReference; fileEncoding = 4; lastKnownFileType = sourcecode.c.objc; path = Settings.m; sourceTree = "<group>"; };
		7344097D1CC2D73C0028F650 /* DetailedRoomCell.h */ = {isa = PBXFileReference; fileEncoding = 4; lastKnownFileType = sourcecode.c.h; path = DetailedRoomCell.h; sourceTree = "<group>"; };
		7344097E1CC2D73C0028F650 /* DetailedRoomCell.m */ = {isa = PBXFileReference; fileEncoding = 4; lastKnownFileType = sourcecode.c.objc; path = DetailedRoomCell.m; sourceTree = "<group>"; };
		7344097F1CC2D73C0028F650 /* ChatCell.h */ = {isa = PBXFileReference; fileEncoding = 4; lastKnownFileType = sourcecode.c.h; path = ChatCell.h; sourceTree = "<group>"; };
		734409801CC2D73C0028F650 /* ChatCell.m */ = {isa = PBXFileReference; fileEncoding = 4; lastKnownFileType = sourcecode.c.objc; path = ChatCell.m; sourceTree = "<group>"; };
		734409811CC2D73C0028F650 /* SelfChatCell.h */ = {isa = PBXFileReference; fileEncoding = 4; lastKnownFileType = sourcecode.c.h; path = SelfChatCell.h; sourceTree = "<group>"; };
		734409821CC2D73C0028F650 /* SelfChatCell.m */ = {isa = PBXFileReference; fileEncoding = 4; lastKnownFileType = sourcecode.c.objc; path = SelfChatCell.m; sourceTree = "<group>"; };
		734409831CC2D73C0028F650 /* SettingsCell.h */ = {isa = PBXFileReference; fileEncoding = 4; lastKnownFileType = sourcecode.c.h; path = SettingsCell.h; sourceTree = "<group>"; };
		734409841CC2D73C0028F650 /* SettingsCell.m */ = {isa = PBXFileReference; fileEncoding = 4; lastKnownFileType = sourcecode.c.objc; path = SettingsCell.m; sourceTree = "<group>"; };
		734409891CC2D7490028F650 /* Room.h */ = {isa = PBXFileReference; fileEncoding = 4; lastKnownFileType = sourcecode.c.h; path = Room.h; sourceTree = "<group>"; };
		7344098A1CC2D7490028F650 /* Room.m */ = {isa = PBXFileReference; fileEncoding = 4; lastKnownFileType = sourcecode.c.objc; path = Room.m; sourceTree = "<group>"; };
		7344098C1CC2D7850028F650 /* DateChecker.h */ = {isa = PBXFileReference; fileEncoding = 4; lastKnownFileType = sourcecode.c.h; path = DateChecker.h; sourceTree = "<group>"; };
		7344098D1CC2D7850028F650 /* DateChecker.m */ = {isa = PBXFileReference; fileEncoding = 4; lastKnownFileType = sourcecode.c.objc; path = DateChecker.m; sourceTree = "<group>"; };
		7344098E1CC2D7850028F650 /* ExtraFucntions.h */ = {isa = PBXFileReference; fileEncoding = 4; lastKnownFileType = sourcecode.c.h; path = ExtraFucntions.h; sourceTree = "<group>"; };
		7344098F1CC2D7850028F650 /* ExtraFucntions.m */ = {isa = PBXFileReference; fileEncoding = 4; lastKnownFileType = sourcecode.c.objc; path = ExtraFucntions.m; sourceTree = "<group>"; };
		734409931CC2D7BD0028F650 /* _README.md */ = {isa = PBXFileReference; fileEncoding = 4; lastKnownFileType = net.daringfireball.markdown; path = _README.md; sourceTree = "<group>"; };
		734409941CC2D7BD0028F650 /* _LICENSE.txt */ = {isa = PBXFileReference; fileEncoding = 4; lastKnownFileType = text; path = _LICENSE.txt; sourceTree = "<group>"; };
		734409951CC2D7BD0028F650 /* HPGrowingTextView.h */ = {isa = PBXFileReference; fileEncoding = 4; lastKnownFileType = sourcecode.c.h; path = HPGrowingTextView.h; sourceTree = "<group>"; };
		734409961CC2D7BD0028F650 /* HPGrowingTextView.m */ = {isa = PBXFileReference; fileEncoding = 4; lastKnownFileType = sourcecode.c.objc; path = HPGrowingTextView.m; sourceTree = "<group>"; };
		734409971CC2D7BD0028F650 /* HPTextViewInternal.h */ = {isa = PBXFileReference; fileEncoding = 4; lastKnownFileType = sourcecode.c.h; path = HPTextViewInternal.h; sourceTree = "<group>"; };
		734409981CC2D7BD0028F650 /* HPTextViewInternal.m */ = {isa = PBXFileReference; fileEncoding = 4; lastKnownFileType = sourcecode.c.objc; path = HPTextViewInternal.m; sourceTree = "<group>"; };
		736173D81CBD2CCC00B93907 /* ErrorHandler.h */ = {isa = PBXFileReference; fileEncoding = 4; lastKnownFileType = sourcecode.c.h; path = ErrorHandler.h; sourceTree = "<group>"; };
		736173D91CBD2CCC00B93907 /* ErrorHandler.m */ = {isa = PBXFileReference; fileEncoding = 4; lastKnownFileType = sourcecode.c.objc; path = ErrorHandler.m; sourceTree = "<group>"; };
		736173DB1CBD2D5E00B93907 /* TopicsCell.h */ = {isa = PBXFileReference; fileEncoding = 4; lastKnownFileType = sourcecode.c.h; path = TopicsCell.h; sourceTree = "<group>"; };
		736173DC1CBD2D5E00B93907 /* TopicsCell.m */ = {isa = PBXFileReference; fileEncoding = 4; lastKnownFileType = sourcecode.c.objc; path = TopicsCell.m; sourceTree = "<group>"; };
		736173DF1CBD2DB900B93907 /* UIColorExpanded.h */ = {isa = PBXFileReference; fileEncoding = 4; lastKnownFileType = sourcecode.c.h; path = UIColorExpanded.h; sourceTree = "<group>"; };
		736173E01CBD2DB900B93907 /* UIColorExpanded.m */ = {isa = PBXFileReference; fileEncoding = 4; lastKnownFileType = sourcecode.c.objc; path = UIColorExpanded.m; sourceTree = "<group>"; };
		736A1D461CD27660003F7A27 /* pushnotificationsView.h */ = {isa = PBXFileReference; fileEncoding = 4; lastKnownFileType = sourcecode.c.h; path = pushnotificationsView.h; sourceTree = "<group>"; };
		736A1D471CD27660003F7A27 /* pushnotificationsView.m */ = {isa = PBXFileReference; fileEncoding = 4; lastKnownFileType = sourcecode.c.objc; path = pushnotificationsView.m; sourceTree = "<group>"; };
		736A1D4B1CD27742003F7A27 /* pushnotificationsCell.h */ = {isa = PBXFileReference; fileEncoding = 4; lastKnownFileType = sourcecode.c.h; path = pushnotificationsCell.h; sourceTree = "<group>"; };
		736A1D4C1CD27742003F7A27 /* pushnotificationsCell.m */ = {isa = PBXFileReference; fileEncoding = 4; lastKnownFileType = sourcecode.c.objc; path = pushnotificationsCell.m; sourceTree = "<group>"; };
		738598151CABCC100089FB26 /* LnuChat.app */ = {isa = PBXFileReference; explicitFileType = wrapper.application; includeInIndex = 0; path = LnuChat.app; sourceTree = BUILT_PRODUCTS_DIR; };
		738598191CABCC100089FB26 /* main.m */ = {isa = PBXFileReference; lastKnownFileType = sourcecode.c.objc; path = main.m; sourceTree = "<group>"; };
		7385981B1CABCC100089FB26 /* AppDelegate.h */ = {isa = PBXFileReference; lastKnownFileType = sourcecode.c.h; path = AppDelegate.h; sourceTree = "<group>"; };
		7385981C1CABCC100089FB26 /* AppDelegate.m */ = {isa = PBXFileReference; lastKnownFileType = sourcecode.c.objc; path = AppDelegate.m; sourceTree = "<group>"; };
		7385981E1CABCC100089FB26 /* ViewController.h */ = {isa = PBXFileReference; lastKnownFileType = sourcecode.c.h; path = ViewController.h; sourceTree = "<group>"; };
		7385981F1CABCC100089FB26 /* ViewController.m */ = {isa = PBXFileReference; lastKnownFileType = sourcecode.c.objc; path = ViewController.m; sourceTree = "<group>"; };
		738598221CABCC100089FB26 /* Base */ = {isa = PBXFileReference; lastKnownFileType = file.storyboard; name = Base; path = Base.lproj/Main.storyboard; sourceTree = "<group>"; };
		738598241CABCC100089FB26 /* Assets.xcassets */ = {isa = PBXFileReference; lastKnownFileType = folder.assetcatalog; path = Assets.xcassets; sourceTree = "<group>"; };
		738598271CABCC100089FB26 /* Base */ = {isa = PBXFileReference; lastKnownFileType = file.storyboard; name = Base; path = Base.lproj/LaunchScreen.storyboard; sourceTree = "<group>"; };
		738598291CABCC100089FB26 /* Info.plist */ = {isa = PBXFileReference; lastKnownFileType = text.plist.xml; path = Info.plist; sourceTree = "<group>"; };
		7385982E1CABCC100089FB26 /* LnuChatTests.xctest */ = {isa = PBXFileReference; explicitFileType = wrapper.cfbundle; includeInIndex = 0; path = LnuChatTests.xctest; sourceTree = BUILT_PRODUCTS_DIR; };
		738598321CABCC100089FB26 /* LnuChatTests.m */ = {isa = PBXFileReference; lastKnownFileType = sourcecode.c.objc; path = LnuChatTests.m; sourceTree = "<group>"; };
		738598341CABCC100089FB26 /* Info.plist */ = {isa = PBXFileReference; lastKnownFileType = text.plist.xml; path = Info.plist; sourceTree = "<group>"; };
		738598391CABCC100089FB26 /* LnuChatUITests.xctest */ = {isa = PBXFileReference; explicitFileType = wrapper.cfbundle; includeInIndex = 0; path = LnuChatUITests.xctest; sourceTree = BUILT_PRODUCTS_DIR; };
		7385983D1CABCC100089FB26 /* LnuChatUITests.m */ = {isa = PBXFileReference; lastKnownFileType = sourcecode.c.objc; path = LnuChatUITests.m; sourceTree = "<group>"; };
		7385983F1CABCC100089FB26 /* Info.plist */ = {isa = PBXFileReference; lastKnownFileType = text.plist.xml; path = Info.plist; sourceTree = "<group>"; };
		73A0ABF11CAD000B008D86B2 /* Register.h */ = {isa = PBXFileReference; fileEncoding = 4; lastKnownFileType = sourcecode.c.h; path = Register.h; sourceTree = "<group>"; };
		73A0ABF21CAD000B008D86B2 /* Register.m */ = {isa = PBXFileReference; fileEncoding = 4; lastKnownFileType = sourcecode.c.objc; path = Register.m; sourceTree = "<group>"; };
		73A0ABF71CAD0107008D86B2 /* Base */ = {isa = PBXFileReference; lastKnownFileType = text.plist.strings; name = Base; path = Base.lproj/Localizable.strings; sourceTree = "<group>"; };
		73D435BA1CAC884F00785AAF /* Login.h */ = {isa = PBXFileReference; fileEncoding = 4; lastKnownFileType = sourcecode.c.h; path = Login.h; sourceTree = "<group>"; };
		73D435BB1CAC884F00785AAF /* Login.m */ = {isa = PBXFileReference; fileEncoding = 4; lastKnownFileType = sourcecode.c.objc; path = Login.m; sourceTree = "<group>"; };
		73D435BE1CAC889700785AAF /* Design.h */ = {isa = PBXFileReference; fileEncoding = 4; lastKnownFileType = sourcecode.c.h; path = Design.h; sourceTree = "<group>"; };
		73D435BF1CAC889700785AAF /* Design.m */ = {isa = PBXFileReference; fileEncoding = 4; lastKnownFileType = sourcecode.c.objc; path = Design.m; sourceTree = "<group>"; };
		73F16E3E1CB1ABDB0036DF61 /* LICENSE.txt */ = {isa = PBXFileReference; fileEncoding = 4; lastKnownFileType = text; path = LICENSE.txt; sourceTree = "<group>"; };
		73F16E3F1CB1ABDB0036DF61 /* SVIndefiniteAnimatedView.h */ = {isa = PBXFileReference; fileEncoding = 4; lastKnownFileType = sourcecode.c.h; path = SVIndefiniteAnimatedView.h; sourceTree = "<group>"; };
		73F16E401CB1ABDB0036DF61 /* SVIndefiniteAnimatedView.m */ = {isa = PBXFileReference; fileEncoding = 4; lastKnownFileType = sourcecode.c.objc; path = SVIndefiniteAnimatedView.m; sourceTree = "<group>"; };
		73F16E411CB1ABDB0036DF61 /* SVProgressHUD-Prefix.pch */ = {isa = PBXFileReference; fileEncoding = 4; lastKnownFileType = sourcecode.c.h; path = "SVProgressHUD-Prefix.pch"; sourceTree = "<group>"; };
		73F16E421CB1ABDB0036DF61 /* SVProgressHUD.bundle */ = {isa = PBXFileReference; lastKnownFileType = "wrapper.plug-in"; path = SVProgressHUD.bundle; sourceTree = "<group>"; };
		73F16E431CB1ABDB0036DF61 /* SVProgressHUD.h */ = {isa = PBXFileReference; fileEncoding = 4; lastKnownFileType = sourcecode.c.h; path = SVProgressHUD.h; sourceTree = "<group>"; };
		73F16E441CB1ABDB0036DF61 /* SVProgressHUD.m */ = {isa = PBXFileReference; fileEncoding = 4; lastKnownFileType = sourcecode.c.objc; path = SVProgressHUD.m; sourceTree = "<group>"; };
		73F16E451CB1ABDB0036DF61 /* SVRadialGradientLayer.h */ = {isa = PBXFileReference; fileEncoding = 4; lastKnownFileType = sourcecode.c.h; path = SVRadialGradientLayer.h; sourceTree = "<group>"; };
		73F16E461CB1ABDB0036DF61 /* SVRadialGradientLayer.m */ = {isa = PBXFileReference; fileEncoding = 4; lastKnownFileType = sourcecode.c.objc; path = SVRadialGradientLayer.m; sourceTree = "<group>"; };
		73F16E4C1CB1AC360036DF61 /* ChooseName.h */ = {isa = PBXFileReference; fileEncoding = 4; lastKnownFileType = sourcecode.c.h; path = ChooseName.h; sourceTree = "<group>"; };
		73F16E4D1CB1AC360036DF61 /* ChooseName.m */ = {isa = PBXFileReference; fileEncoding = 4; lastKnownFileType = sourcecode.c.objc; path = ChooseName.m; sourceTree = "<group>"; };
		73F16E4F1CB1AC3B0036DF61 /* NewPassword.h */ = {isa = PBXFileReference; fileEncoding = 4; lastKnownFileType = sourcecode.c.h; path = NewPassword.h; sourceTree = "<group>"; };
		73F16E501CB1AC3B0036DF61 /* NewPassword.m */ = {isa = PBXFileReference; fileEncoding = 4; lastKnownFileType = sourcecode.c.objc; path = NewPassword.m; sourceTree = "<group>"; };
		73F16E511CB1AC3B0036DF61 /* License.h */ = {isa = PBXFileReference; fileEncoding = 4; lastKnownFileType = sourcecode.c.h; path = License.h; sourceTree = "<group>"; };
		73F16E521CB1AC3B0036DF61 /* License.m */ = {isa = PBXFileReference; fileEncoding = 4; lastKnownFileType = sourcecode.c.objc; path = License.m; sourceTree = "<group>"; };
		8C472C63203ED6B400A90BF6 /* menu@3x.png */ = {isa = PBXFileReference; lastKnownFileType = image.png; name = "menu@3x.png"; path = "icons/menu@3x.png"; sourceTree = "<group>"; };
		8C472C64203ED6B400A90BF6 /* settings@3x.png */ = {isa = PBXFileReference; lastKnownFileType = image.png; name = "settings@3x.png"; path = "icons/settings@3x.png"; sourceTree = "<group>"; };
		8C472C65203ED6B400A90BF6 /* cross@3x.png */ = {isa = PBXFileReference; lastKnownFileType = image.png; name = "cross@3x.png"; path = "icons/cross@3x.png"; sourceTree = "<group>"; };
		8C472C66203ED6B400A90BF6 /* ImagesFrom */ = {isa = PBXFileReference; fileEncoding = 4; lastKnownFileType = text; name = ImagesFrom; path = icons/ImagesFrom; sourceTree = "<group>"; };
		8C472C6B203ED6B900A90BF6 /* 76.png */ = {isa = PBXFileReference; lastKnownFileType = image.png; name = 76.png; path = "App icons/76.png"; sourceTree = "<group>"; };
		8C472C6C203ED6B900A90BF6 /* 167.png */ = {isa = PBXFileReference; lastKnownFileType = image.png; name = 167.png; path = "App icons/167.png"; sourceTree = "<group>"; };
		8C472C6D203ED6B900A90BF6 /* 180.png */ = {isa = PBXFileReference; lastKnownFileType = image.png; name = 180.png; path = "App icons/180.png"; sourceTree = "<group>"; };
		8C472C6E203ED6B900A90BF6 /* 120.png */ = {isa = PBXFileReference; lastKnownFileType = image.png; name = 120.png; path = "App icons/120.png"; sourceTree = "<group>"; };
		8C472C6F203ED6B900A90BF6 /* 152.png */ = {isa = PBXFileReference; lastKnownFileType = image.png; name = 152.png; path = "App icons/152.png"; sourceTree = "<group>"; };
		B4341477D7D65E5B14406C24 /* Pods-LnuChatUITests.release.xcconfig */ = {isa = PBXFileReference; includeInIndex = 1; lastKnownFileType = text.xcconfig; name = "Pods-LnuChatUITests.release.xcconfig"; path = "Pods/Target Support Files/Pods-LnuChatUITests/Pods-LnuChatUITests.release.xcconfig"; sourceTree = "<group>"; };
		D0EA9040ADF62DF769AA7EDC /* Pods-LnuChat.debug.xcconfig */ = {isa = PBXFileReference; includeInIndex = 1; lastKnownFileType = text.xcconfig; name = "Pods-LnuChat.debug.xcconfig"; path = "Pods/Target Support Files/Pods-LnuChat/Pods-LnuChat.debug.xcconfig"; sourceTree = "<group>"; };
		DC20865FDC0A0C00AA354259 /* Pods-LnuChat.release.xcconfig */ = {isa = PBXFileReference; includeInIndex = 1; lastKnownFileType = text.xcconfig; name = "Pods-LnuChat.release.xcconfig"; path = "Pods/Target Support Files/Pods-LnuChat/Pods-LnuChat.release.xcconfig"; sourceTree = "<group>"; };
/* End PBXFileReference section */

/* Begin PBXFrameworksBuildPhase section */
		738598121CABCC100089FB26 /* Frameworks */ = {
			isa = PBXFrameworksBuildPhase;
			buildActionMask = 2147483647;
			files = (
			);
			runOnlyForDeploymentPostprocessing = 0;
		};
		7385982B1CABCC100089FB26 /* Frameworks */ = {
			isa = PBXFrameworksBuildPhase;
			buildActionMask = 2147483647;
			files = (
			);
			runOnlyForDeploymentPostprocessing = 0;
		};
		738598361CABCC100089FB26 /* Frameworks */ = {
			isa = PBXFrameworksBuildPhase;
			buildActionMask = 2147483647;
			files = (
			);
			runOnlyForDeploymentPostprocessing = 0;
		};
/* End PBXFrameworksBuildPhase section */

/* Begin PBXGroup section */
		310B8E513077D366F25A1C9E /* Pods */ = {
			isa = PBXGroup;
			children = (
				D0EA9040ADF62DF769AA7EDC /* Pods-LnuChat.debug.xcconfig */,
				DC20865FDC0A0C00AA354259 /* Pods-LnuChat.release.xcconfig */,
				58A881EF3846B6BAFA12245B /* Pods-LnuChatTests.debug.xcconfig */,
				5610171E8C69CA3FB0105671 /* Pods-LnuChatTests.release.xcconfig */,
				0EFABC3F3108FF6EDEDD5259 /* Pods-LnuChatUITests.debug.xcconfig */,
				B4341477D7D65E5B14406C24 /* Pods-LnuChatUITests.release.xcconfig */,
			);
			name = Pods;
			sourceTree = "<group>";
		};
		73302BB41CABDD62006AEE7C /* Frameworks */ = {
			isa = PBXGroup;
			children = (
			);
			name = Frameworks;
			sourceTree = "<group>";
		};
		734409921CC2D7B30028F650 /* text */ = {
			isa = PBXGroup;
			children = (
				734409931CC2D7BD0028F650 /* _README.md */,
				734409941CC2D7BD0028F650 /* _LICENSE.txt */,
				734409951CC2D7BD0028F650 /* HPGrowingTextView.h */,
				734409961CC2D7BD0028F650 /* HPGrowingTextView.m */,
				734409971CC2D7BD0028F650 /* HPTextViewInternal.h */,
				734409981CC2D7BD0028F650 /* HPTextViewInternal.m */,
			);
			name = text;
			sourceTree = "<group>";
		};
		736173DE1CBD2D6500B93907 /* Cell */ = {
			isa = PBXGroup;
			children = (
				736A1D4A1CD27709003F7A27 /* User */,
				736A1D491CD27705003F7A27 /* Room */,
				736A1D4B1CD27742003F7A27 /* pushnotificationsCell.h */,
				736A1D4C1CD27742003F7A27 /* pushnotificationsCell.m */,
			);
			name = Cell;
			sourceTree = "<group>";
		};
		736173E21CBD2E6200B93907 /* Images */ = {
			isa = PBXGroup;
			children = (
				8C472C6B203ED6B900A90BF6 /* 76.png */,
				8C472C6E203ED6B900A90BF6 /* 120.png */,
				8C472C6F203ED6B900A90BF6 /* 152.png */,
				8C472C6C203ED6B900A90BF6 /* 167.png */,
				8C472C6D203ED6B900A90BF6 /* 180.png */,
				8C472C65203ED6B400A90BF6 /* cross@3x.png */,
				8C472C66203ED6B400A90BF6 /* ImagesFrom */,
				8C472C63203ED6B400A90BF6 /* menu@3x.png */,
				8C472C64203ED6B400A90BF6 /* settings@3x.png */,
			);
			name = Images;
			sourceTree = "<group>";
		};
		736A1D491CD27705003F7A27 /* Room */ = {
			isa = PBXGroup;
			children = (
				7344097D1CC2D73C0028F650 /* DetailedRoomCell.h */,
				7344097E1CC2D73C0028F650 /* DetailedRoomCell.m */,
				7344097F1CC2D73C0028F650 /* ChatCell.h */,
				734409801CC2D73C0028F650 /* ChatCell.m */,
				734409811CC2D73C0028F650 /* SelfChatCell.h */,
				734409821CC2D73C0028F650 /* SelfChatCell.m */,
				736173DB1CBD2D5E00B93907 /* TopicsCell.h */,
				736173DC1CBD2D5E00B93907 /* TopicsCell.m */,
			);
			name = Room;
			sourceTree = "<group>";
		};
		736A1D4A1CD27709003F7A27 /* User */ = {
			isa = PBXGroup;
			children = (
				734409831CC2D73C0028F650 /* SettingsCell.h */,
				734409841CC2D73C0028F650 /* SettingsCell.m */,
				7330832F1CD0C0EC00DD1747 /* UserTagsCell.h */,
				733083301CD0C0EC00DD1747 /* UserTagsCell.m */,
			);
			name = User;
			sourceTree = "<group>";
		};
		7385980C1CABCC100089FB26 = {
			isa = PBXGroup;
			children = (
				736173E21CBD2E6200B93907 /* Images */,
				738598171CABCC100089FB26 /* LnuChat */,
				738598311CABCC100089FB26 /* LnuChatTests */,
				7385983C1CABCC100089FB26 /* LnuChatUITests */,
				738598161CABCC100089FB26 /* Products */,
				73302BB41CABDD62006AEE7C /* Frameworks */,
				310B8E513077D366F25A1C9E /* Pods */,
			);
			sourceTree = "<group>";
		};
		738598161CABCC100089FB26 /* Products */ = {
			isa = PBXGroup;
			children = (
				738598151CABCC100089FB26 /* LnuChat.app */,
				7385982E1CABCC100089FB26 /* LnuChatTests.xctest */,
				738598391CABCC100089FB26 /* LnuChatUITests.xctest */,
			);
			name = Products;
			sourceTree = "<group>";
		};
		738598171CABCC100089FB26 /* LnuChat */ = {
			isa = PBXGroup;
			children = (
				736173DE1CBD2D6500B93907 /* Cell */,
				73D435BD1CAC888700785AAF /* Extras */,
				73D435B91CAC883D00785AAF /* User */,
				8C472C5F203EC66100A90BF6 /* VC */,
				7385981B1CABCC100089FB26 /* AppDelegate.h */,
				7385981C1CABCC100089FB26 /* AppDelegate.m */,
				738598211CABCC100089FB26 /* Main.storyboard */,
				738598241CABCC100089FB26 /* Assets.xcassets */,
				738598261CABCC100089FB26 /* LaunchScreen.storyboard */,
				738598291CABCC100089FB26 /* Info.plist */,
				738598181CABCC100089FB26 /* Supporting Files */,
			);
			path = LnuChat;
			sourceTree = "<group>";
		};
		738598181CABCC100089FB26 /* Supporting Files */ = {
			isa = PBXGroup;
			children = (
				734409921CC2D7B30028F650 /* text */,
				73F16E3D1CB1ABBC0036DF61 /* SVProgressHud */,
				738598191CABCC100089FB26 /* main.m */,
			);
			name = "Supporting Files";
			sourceTree = "<group>";
		};
		738598311CABCC100089FB26 /* LnuChatTests */ = {
			isa = PBXGroup;
			children = (
				738598321CABCC100089FB26 /* LnuChatTests.m */,
				738598341CABCC100089FB26 /* Info.plist */,
			);
			path = LnuChatTests;
			sourceTree = "<group>";
		};
		7385983C1CABCC100089FB26 /* LnuChatUITests */ = {
			isa = PBXGroup;
			children = (
				7385983D1CABCC100089FB26 /* LnuChatUITests.m */,
				7385983F1CABCC100089FB26 /* Info.plist */,
			);
			path = LnuChatUITests;
			sourceTree = "<group>";
		};
		73D435B91CAC883D00785AAF /* User */ = {
			isa = PBXGroup;
			children = (
				73D435BA1CAC884F00785AAF /* Login.h */,
				73D435BB1CAC884F00785AAF /* Login.m */,
				73A0ABF11CAD000B008D86B2 /* Register.h */,
				73A0ABF21CAD000B008D86B2 /* Register.m */,
				73F16E4C1CB1AC360036DF61 /* ChooseName.h */,
				73F16E4D1CB1AC360036DF61 /* ChooseName.m */,
				73F16E4F1CB1AC3B0036DF61 /* NewPassword.h */,
				73F16E501CB1AC3B0036DF61 /* NewPassword.m */,
				73F16E511CB1AC3B0036DF61 /* License.h */,
				73F16E521CB1AC3B0036DF61 /* License.m */,
				7344097A1CC2D71F0028F650 /* Settings.h */,
				7344097B1CC2D71F0028F650 /* Settings.m */,
				736A1D461CD27660003F7A27 /* pushnotificationsView.h */,
				736A1D471CD27660003F7A27 /* pushnotificationsView.m */,
			);
			name = User;
			sourceTree = "<group>";
		};
		73D435BD1CAC888700785AAF /* Extras */ = {
			isa = PBXGroup;
			children = (
				73D435BE1CAC889700785AAF /* Design.h */,
				73D435BF1CAC889700785AAF /* Design.m */,
				73A0ABF81CAD0107008D86B2 /* Localizable.strings */,
				736173D81CBD2CCC00B93907 /* ErrorHandler.h */,
				736173D91CBD2CCC00B93907 /* ErrorHandler.m */,
				736173DF1CBD2DB900B93907 /* UIColorExpanded.h */,
				736173E01CBD2DB900B93907 /* UIColorExpanded.m */,
				7344098C1CC2D7850028F650 /* DateChecker.h */,
				7344098D1CC2D7850028F650 /* DateChecker.m */,
				7344098E1CC2D7850028F650 /* ExtraFucntions.h */,
				7344098F1CC2D7850028F650 /* ExtraFucntions.m */,
			);
			name = Extras;
			sourceTree = "<group>";
		};
		73F16E3D1CB1ABBC0036DF61 /* SVProgressHud */ = {
			isa = PBXGroup;
			children = (
				73F16E3E1CB1ABDB0036DF61 /* LICENSE.txt */,
				73F16E3F1CB1ABDB0036DF61 /* SVIndefiniteAnimatedView.h */,
				73F16E401CB1ABDB0036DF61 /* SVIndefiniteAnimatedView.m */,
				73F16E411CB1ABDB0036DF61 /* SVProgressHUD-Prefix.pch */,
				73F16E421CB1ABDB0036DF61 /* SVProgressHUD.bundle */,
				73F16E431CB1ABDB0036DF61 /* SVProgressHUD.h */,
				73F16E441CB1ABDB0036DF61 /* SVProgressHUD.m */,
				73F16E451CB1ABDB0036DF61 /* SVRadialGradientLayer.h */,
				73F16E461CB1ABDB0036DF61 /* SVRadialGradientLayer.m */,
			);
			name = SVProgressHud;
			sourceTree = "<group>";
		};
		8C472C5F203EC66100A90BF6 /* VC */ = {
			isa = PBXGroup;
			children = (
				7385981E1CABCC100089FB26 /* ViewController.h */,
				7385981F1CABCC100089FB26 /* ViewController.m */,
				734409891CC2D7490028F650 /* Room.h */,
				7344098A1CC2D7490028F650 /* Room.m */,
				73006E271CCF812700AF6D09 /* UserTable.h */,
				73006E281CCF812700AF6D09 /* UserTable.m */,
			);
			name = VC;
			sourceTree = "<group>";
		};
/* End PBXGroup section */

/* Begin PBXNativeTarget section */
		738598141CABCC100089FB26 /* LnuChat */ = {
			isa = PBXNativeTarget;
			buildConfigurationList = 738598421CABCC100089FB26 /* Build configuration list for PBXNativeTarget "LnuChat" */;
			buildPhases = (
				A4DEACF688AFA05DA5BDE8E2 /* [CP] Check Pods Manifest.lock */,
				738598111CABCC100089FB26 /* Sources */,
				738598121CABCC100089FB26 /* Frameworks */,
				738598131CABCC100089FB26 /* Resources */,
				1594656074517CB5CD31519A /* [CP] Embed Pods Frameworks */,
				10C6BEE42B794E3A4A7F0A72 /* [CP] Copy Pods Resources */,
			);
			buildRules = (
			);
			dependencies = (
			);
			name = LnuChat;
			productName = LnuChat;
			productReference = 738598151CABCC100089FB26 /* LnuChat.app */;
			productType = "com.apple.product-type.application";
		};
		7385982D1CABCC100089FB26 /* LnuChatTests */ = {
			isa = PBXNativeTarget;
			buildConfigurationList = 738598451CABCC100089FB26 /* Build configuration list for PBXNativeTarget "LnuChatTests" */;
			buildPhases = (
				B5858381F88F5625CB6F89DE /* [CP] Check Pods Manifest.lock */,
				7385982A1CABCC100089FB26 /* Sources */,
				7385982B1CABCC100089FB26 /* Frameworks */,
				7385982C1CABCC100089FB26 /* Resources */,
				2E604D96D7FA7B65FD5122F9 /* [CP] Embed Pods Frameworks */,
				9B2CF87A3B88FC4120F9002E /* [CP] Copy Pods Resources */,
			);
			buildRules = (
			);
			dependencies = (
				738598301CABCC100089FB26 /* PBXTargetDependency */,
			);
			name = LnuChatTests;
			productName = LnuChatTests;
			productReference = 7385982E1CABCC100089FB26 /* LnuChatTests.xctest */;
			productType = "com.apple.product-type.bundle.unit-test";
		};
		738598381CABCC100089FB26 /* LnuChatUITests */ = {
			isa = PBXNativeTarget;
			buildConfigurationList = 738598481CABCC100089FB26 /* Build configuration list for PBXNativeTarget "LnuChatUITests" */;
			buildPhases = (
				BF341CD4FC55FFFB1C88B0ED /* [CP] Check Pods Manifest.lock */,
				738598351CABCC100089FB26 /* Sources */,
				738598361CABCC100089FB26 /* Frameworks */,
				738598371CABCC100089FB26 /* Resources */,
				AC263BE2E505B6803E83A479 /* [CP] Embed Pods Frameworks */,
				ABEF1F62BE504064AFD3EDDC /* [CP] Copy Pods Resources */,
			);
			buildRules = (
			);
			dependencies = (
				7385983B1CABCC100089FB26 /* PBXTargetDependency */,
			);
			name = LnuChatUITests;
			productName = LnuChatUITests;
			productReference = 738598391CABCC100089FB26 /* LnuChatUITests.xctest */;
			productType = "com.apple.product-type.bundle.ui-testing";
		};
/* End PBXNativeTarget section */

/* Begin PBXProject section */
		7385980D1CABCC100089FB26 /* Project object */ = {
			isa = PBXProject;
			attributes = {
				LastUpgradeCheck = 0730;
				ORGANIZATIONNAME = mm222ev;
				TargetAttributes = {
					738598141CABCC100089FB26 = {
						CreatedOnToolsVersion = 7.3;
						DevelopmentTeam = 9857A47KFY;
						ProvisioningStyle = Automatic;
						SystemCapabilities = {
							com.apple.Push = {
								enabled = 1;
							};
						};
					};
					7385982D1CABCC100089FB26 = {
						CreatedOnToolsVersion = 7.3;
						TestTargetID = 738598141CABCC100089FB26;
					};
					738598381CABCC100089FB26 = {
						CreatedOnToolsVersion = 7.3;
						TestTargetID = 738598141CABCC100089FB26;
					};
				};
			};
			buildConfigurationList = 738598101CABCC100089FB26 /* Build configuration list for PBXProject "LnuChat" */;
			compatibilityVersion = "Xcode 3.2";
			developmentRegion = English;
			hasScannedForEncodings = 0;
			knownRegions = (
				en,
				Base,
				sv,
			);
			mainGroup = 7385980C1CABCC100089FB26;
			productRefGroup = 738598161CABCC100089FB26 /* Products */;
			projectDirPath = "";
			projectRoot = "";
			targets = (
				738598141CABCC100089FB26 /* LnuChat */,
				7385982D1CABCC100089FB26 /* LnuChatTests */,
				738598381CABCC100089FB26 /* LnuChatUITests */,
			);
		};
/* End PBXProject section */

/* Begin PBXResourcesBuildPhase section */
		738598131CABCC100089FB26 /* Resources */ = {
			isa = PBXResourcesBuildPhase;
			buildActionMask = 2147483647;
			files = (
				8C472C69203ED6B400A90BF6 /* cross@3x.png in Resources */,
				738598281CABCC100089FB26 /* LaunchScreen.storyboard in Resources */,
				8C472C74203ED6B900A90BF6 /* 152.png in Resources */,
				8C472C71203ED6B900A90BF6 /* 167.png in Resources */,
				8C472C70203ED6B900A90BF6 /* 76.png in Resources */,
				8C472C68203ED6B400A90BF6 /* settings@3x.png in Resources */,
				73F16E491CB1ABDB0036DF61 /* SVProgressHUD.bundle in Resources */,
				73A0ABF61CAD0107008D86B2 /* Localizable.strings in Resources */,
				738598251CABCC100089FB26 /* Assets.xcassets in Resources */,
				73F16E471CB1ABDB0036DF61 /* LICENSE.txt in Resources */,
				8C472C72203ED6B900A90BF6 /* 180.png in Resources */,
				738598231CABCC100089FB26 /* Main.storyboard in Resources */,
				8C472C67203ED6B400A90BF6 /* menu@3x.png in Resources */,
				8C472C73203ED6B900A90BF6 /* 120.png in Resources */,
				7344099A1CC2D7BD0028F650 /* _LICENSE.txt in Resources */,
				8C472C6A203ED6B400A90BF6 /* ImagesFrom in Resources */,
			);
			runOnlyForDeploymentPostprocessing = 0;
		};
		7385982C1CABCC100089FB26 /* Resources */ = {
			isa = PBXResourcesBuildPhase;
			buildActionMask = 2147483647;
			files = (
			);
			runOnlyForDeploymentPostprocessing = 0;
		};
		738598371CABCC100089FB26 /* Resources */ = {
			isa = PBXResourcesBuildPhase;
			buildActionMask = 2147483647;
			files = (
			);
			runOnlyForDeploymentPostprocessing = 0;
		};
/* End PBXResourcesBuildPhase section */

/* Begin PBXShellScriptBuildPhase section */
		10C6BEE42B794E3A4A7F0A72 /* [CP] Copy Pods Resources */ = {
			isa = PBXShellScriptBuildPhase;
			buildActionMask = 2147483647;
			files = (
			);
			inputPaths = (
				"${SRCROOT}/Pods/Target Support Files/Pods-LnuChat/Pods-LnuChat-resources.sh",
				"${PODS_ROOT}/Parse/Parse/Resources/en.lproj",
			);
			name = "[CP] Copy Pods Resources";
			outputPaths = (
				"${TARGET_BUILD_DIR}/${UNLOCALIZED_RESOURCES_FOLDER_PATH}/en.lproj",
			);
			runOnlyForDeploymentPostprocessing = 0;
			shellPath = /bin/sh;
			shellScript = "\"${SRCROOT}/Pods/Target Support Files/Pods-LnuChat/Pods-LnuChat-resources.sh\"\n";
			showEnvVarsInLog = 0;
		};
		1594656074517CB5CD31519A /* [CP] Embed Pods Frameworks */ = {
			isa = PBXShellScriptBuildPhase;
			buildActionMask = 2147483647;
			files = (
			);
			inputPaths = (
			);
			name = "[CP] Embed Pods Frameworks";
			outputPaths = (
			);
			runOnlyForDeploymentPostprocessing = 0;
			shellPath = /bin/sh;
			shellScript = "\"${SRCROOT}/Pods/Target Support Files/Pods-LnuChat/Pods-LnuChat-frameworks.sh\"\n";
			showEnvVarsInLog = 0;
		};
		2E604D96D7FA7B65FD5122F9 /* [CP] Embed Pods Frameworks */ = {
			isa = PBXShellScriptBuildPhase;
			buildActionMask = 2147483647;
			files = (
			);
			inputPaths = (
			);
			name = "[CP] Embed Pods Frameworks";
			outputPaths = (
			);
			runOnlyForDeploymentPostprocessing = 0;
			shellPath = /bin/sh;
			shellScript = "\"${SRCROOT}/Pods/Target Support Files/Pods-LnuChatTests/Pods-LnuChatTests-frameworks.sh\"\n";
			showEnvVarsInLog = 0;
		};
		9B2CF87A3B88FC4120F9002E /* [CP] Copy Pods Resources */ = {
			isa = PBXShellScriptBuildPhase;
			buildActionMask = 2147483647;
			files = (
			);
			inputPaths = (
			);
			name = "[CP] Copy Pods Resources";
			outputPaths = (
			);
			runOnlyForDeploymentPostprocessing = 0;
			shellPath = /bin/sh;
			shellScript = "\"${SRCROOT}/Pods/Target Support Files/Pods-LnuChatTests/Pods-LnuChatTests-resources.sh\"\n";
			showEnvVarsInLog = 0;
		};
		A4DEACF688AFA05DA5BDE8E2 /* [CP] Check Pods Manifest.lock */ = {
			isa = PBXShellScriptBuildPhase;
			buildActionMask = 2147483647;
			files = (
			);
			inputPaths = (
				"${PODS_PODFILE_DIR_PATH}/Podfile.lock",
				"${PODS_ROOT}/Manifest.lock",
			);
			name = "[CP] Check Pods Manifest.lock";
			outputPaths = (
				"$(DERIVED_FILE_DIR)/Pods-LnuChat-checkManifestLockResult.txt",
			);
			runOnlyForDeploymentPostprocessing = 0;
			shellPath = /bin/sh;
			shellScript = "diff \"${PODS_PODFILE_DIR_PATH}/Podfile.lock\" \"${PODS_ROOT}/Manifest.lock\" > /dev/null\nif [ $? != 0 ] ; then\n    # print error to STDERR\n    echo \"error: The sandbox is not in sync with the Podfile.lock. Run 'pod install' or update your CocoaPods installation.\" >&2\n    exit 1\nfi\n# This output is used by Xcode 'outputs' to avoid re-running this script phase.\necho \"SUCCESS\" > \"${SCRIPT_OUTPUT_FILE_0}\"\n";
			showEnvVarsInLog = 0;
		};
		ABEF1F62BE504064AFD3EDDC /* [CP] Copy Pods Resources */ = {
			isa = PBXShellScriptBuildPhase;
			buildActionMask = 2147483647;
			files = (
			);
			inputPaths = (
			);
			name = "[CP] Copy Pods Resources";
			outputPaths = (
			);
			runOnlyForDeploymentPostprocessing = 0;
			shellPath = /bin/sh;
			shellScript = "\"${SRCROOT}/Pods/Target Support Files/Pods-LnuChatUITests/Pods-LnuChatUITests-resources.sh\"\n";
			showEnvVarsInLog = 0;
		};
		AC263BE2E505B6803E83A479 /* [CP] Embed Pods Frameworks */ = {
			isa = PBXShellScriptBuildPhase;
			buildActionMask = 2147483647;
			files = (
			);
			inputPaths = (
			);
			name = "[CP] Embed Pods Frameworks";
			outputPaths = (
			);
			runOnlyForDeploymentPostprocessing = 0;
			shellPath = /bin/sh;
			shellScript = "\"${SRCROOT}/Pods/Target Support Files/Pods-LnuChatUITests/Pods-LnuChatUITests-frameworks.sh\"\n";
			showEnvVarsInLog = 0;
		};
		B5858381F88F5625CB6F89DE /* [CP] Check Pods Manifest.lock */ = {
			isa = PBXShellScriptBuildPhase;
			buildActionMask = 2147483647;
			files = (
			);
			inputPaths = (
				"${PODS_PODFILE_DIR_PATH}/Podfile.lock",
				"${PODS_ROOT}/Manifest.lock",
			);
			name = "[CP] Check Pods Manifest.lock";
			outputPaths = (
				"$(DERIVED_FILE_DIR)/Pods-LnuChatTests-checkManifestLockResult.txt",
			);
			runOnlyForDeploymentPostprocessing = 0;
			shellPath = /bin/sh;
			shellScript = "diff \"${PODS_PODFILE_DIR_PATH}/Podfile.lock\" \"${PODS_ROOT}/Manifest.lock\" > /dev/null\nif [ $? != 0 ] ; then\n    # print error to STDERR\n    echo \"error: The sandbox is not in sync with the Podfile.lock. Run 'pod install' or update your CocoaPods installation.\" >&2\n    exit 1\nfi\n# This output is used by Xcode 'outputs' to avoid re-running this script phase.\necho \"SUCCESS\" > \"${SCRIPT_OUTPUT_FILE_0}\"\n";
			showEnvVarsInLog = 0;
		};
		BF341CD4FC55FFFB1C88B0ED /* [CP] Check Pods Manifest.lock */ = {
			isa = PBXShellScriptBuildPhase;
			buildActionMask = 2147483647;
			files = (
			);
			inputPaths = (
				"${PODS_PODFILE_DIR_PATH}/Podfile.lock",
				"${PODS_ROOT}/Manifest.lock",
			);
			name = "[CP] Check Pods Manifest.lock";
			outputPaths = (
				"$(DERIVED_FILE_DIR)/Pods-LnuChatUITests-checkManifestLockResult.txt",
			);
			runOnlyForDeploymentPostprocessing = 0;
			shellPath = /bin/sh;
			shellScript = "diff \"${PODS_PODFILE_DIR_PATH}/Podfile.lock\" \"${PODS_ROOT}/Manifest.lock\" > /dev/null\nif [ $? != 0 ] ; then\n    # print error to STDERR\n    echo \"error: The sandbox is not in sync with the Podfile.lock. Run 'pod install' or update your CocoaPods installation.\" >&2\n    exit 1\nfi\n# This output is used by Xcode 'outputs' to avoid re-running this script phase.\necho \"SUCCESS\" > \"${SCRIPT_OUTPUT_FILE_0}\"\n";
			showEnvVarsInLog = 0;
		};
/* End PBXShellScriptBuildPhase section */

/* Begin PBXSourcesBuildPhase section */
		738598111CABCC100089FB26 /* Sources */ = {
			isa = PBXSourcesBuildPhase;
			buildActionMask = 2147483647;
			files = (
				738598201CABCC100089FB26 /* ViewController.m in Sources */,
				734409871CC2D73C0028F650 /* SelfChatCell.m in Sources */,
				73006E291CCF812700AF6D09 /* UserTable.m in Sources */,
				736A1D481CD27660003F7A27 /* pushnotificationsView.m in Sources */,
				736A1D4D1CD27742003F7A27 /* pushnotificationsCell.m in Sources */,
				73F16E4B1CB1ABDB0036DF61 /* SVRadialGradientLayer.m in Sources */,
				734409901CC2D7850028F650 /* DateChecker.m in Sources */,
				73F16E4A1CB1ABDB0036DF61 /* SVProgressHUD.m in Sources */,
				734409861CC2D73C0028F650 /* ChatCell.m in Sources */,
				73F16E541CB1AC3B0036DF61 /* License.m in Sources */,
				7385981D1CABCC100089FB26 /* AppDelegate.m in Sources */,
				736173E11CBD2DB900B93907 /* UIColorExpanded.m in Sources */,
				7344097C1CC2D71F0028F650 /* Settings.m in Sources */,
				734409851CC2D73C0028F650 /* DetailedRoomCell.m in Sources */,
				7344099B1CC2D7BD0028F650 /* HPGrowingTextView.m in Sources */,
				736173DA1CBD2CCC00B93907 /* ErrorHandler.m in Sources */,
				73A0ABF31CAD000B008D86B2 /* Register.m in Sources */,
				7344098B1CC2D7490028F650 /* Room.m in Sources */,
				734409991CC2D7BD0028F650 /* _README.md in Sources */,
				73F16E531CB1AC3B0036DF61 /* NewPassword.m in Sources */,
				73F16E4E1CB1AC360036DF61 /* ChooseName.m in Sources */,
				733083311CD0C0EC00DD1747 /* UserTagsCell.m in Sources */,
				7344099C1CC2D7BD0028F650 /* HPTextViewInternal.m in Sources */,
				734409911CC2D7850028F650 /* ExtraFucntions.m in Sources */,
				734409881CC2D73C0028F650 /* SettingsCell.m in Sources */,
				7385981A1CABCC100089FB26 /* main.m in Sources */,
				73D435BC1CAC884F00785AAF /* Login.m in Sources */,
				736173DD1CBD2D5E00B93907 /* TopicsCell.m in Sources */,
				73F16E481CB1ABDB0036DF61 /* SVIndefiniteAnimatedView.m in Sources */,
				73D435C01CAC889700785AAF /* Design.m in Sources */,
			);
			runOnlyForDeploymentPostprocessing = 0;
		};
		7385982A1CABCC100089FB26 /* Sources */ = {
			isa = PBXSourcesBuildPhase;
			buildActionMask = 2147483647;
			files = (
				738598331CABCC100089FB26 /* LnuChatTests.m in Sources */,
			);
			runOnlyForDeploymentPostprocessing = 0;
		};
		738598351CABCC100089FB26 /* Sources */ = {
			isa = PBXSourcesBuildPhase;
			buildActionMask = 2147483647;
			files = (
				7385983E1CABCC100089FB26 /* LnuChatUITests.m in Sources */,
			);
			runOnlyForDeploymentPostprocessing = 0;
		};
/* End PBXSourcesBuildPhase section */

/* Begin PBXTargetDependency section */
		738598301CABCC100089FB26 /* PBXTargetDependency */ = {
			isa = PBXTargetDependency;
			target = 738598141CABCC100089FB26 /* LnuChat */;
			targetProxy = 7385982F1CABCC100089FB26 /* PBXContainerItemProxy */;
		};
		7385983B1CABCC100089FB26 /* PBXTargetDependency */ = {
			isa = PBXTargetDependency;
			target = 738598141CABCC100089FB26 /* LnuChat */;
			targetProxy = 7385983A1CABCC100089FB26 /* PBXContainerItemProxy */;
		};
/* End PBXTargetDependency section */

/* Begin PBXVariantGroup section */
		738598211CABCC100089FB26 /* Main.storyboard */ = {
			isa = PBXVariantGroup;
			children = (
				738598221CABCC100089FB26 /* Base */,
			);
			name = Main.storyboard;
			sourceTree = "<group>";
		};
		738598261CABCC100089FB26 /* LaunchScreen.storyboard */ = {
			isa = PBXVariantGroup;
			children = (
				738598271CABCC100089FB26 /* Base */,
			);
			name = LaunchScreen.storyboard;
			sourceTree = "<group>";
		};
		73A0ABF81CAD0107008D86B2 /* Localizable.strings */ = {
			isa = PBXVariantGroup;
			children = (
				73A0ABF71CAD0107008D86B2 /* Base */,
			);
			name = Localizable.strings;
			sourceTree = "<group>";
		};
/* End PBXVariantGroup section */

/* Begin XCBuildConfiguration section */
		738598401CABCC100089FB26 /* Debug */ = {
			isa = XCBuildConfiguration;
			buildSettings = {
				ALWAYS_SEARCH_USER_PATHS = NO;
				CLANG_ANALYZER_NONNULL = YES;
				CLANG_CXX_LANGUAGE_STANDARD = "gnu++0x";
				CLANG_CXX_LIBRARY = "libc++";
				CLANG_ENABLE_MODULES = YES;
				CLANG_ENABLE_OBJC_ARC = YES;
				CLANG_WARN_BOOL_CONVERSION = YES;
				CLANG_WARN_CONSTANT_CONVERSION = YES;
				CLANG_WARN_DIRECT_OBJC_ISA_USAGE = YES_ERROR;
				CLANG_WARN_EMPTY_BODY = YES;
				CLANG_WARN_ENUM_CONVERSION = YES;
				CLANG_WARN_INT_CONVERSION = YES;
				CLANG_WARN_OBJC_ROOT_CLASS = YES_ERROR;
				CLANG_WARN_UNREACHABLE_CODE = YES;
				CLANG_WARN__DUPLICATE_METHOD_MATCH = YES;
				"CODE_SIGN_IDENTITY[sdk=iphoneos*]" = "iPhone Developer";
				COPY_PHASE_STRIP = NO;
				DEBUG_INFORMATION_FORMAT = dwarf;
				ENABLE_STRICT_OBJC_MSGSEND = YES;
				ENABLE_TESTABILITY = YES;
				GCC_C_LANGUAGE_STANDARD = gnu99;
				GCC_DYNAMIC_NO_PIC = NO;
				GCC_NO_COMMON_BLOCKS = YES;
				GCC_OPTIMIZATION_LEVEL = 0;
				GCC_PREPROCESSOR_DEFINITIONS = (
					"DEBUG=1",
					"$(inherited)",
				);
				GCC_WARN_64_TO_32_BIT_CONVERSION = YES;
				GCC_WARN_ABOUT_RETURN_TYPE = YES_ERROR;
				GCC_WARN_UNDECLARED_SELECTOR = YES;
				GCC_WARN_UNINITIALIZED_AUTOS = YES_AGGRESSIVE;
				GCC_WARN_UNUSED_FUNCTION = YES;
				GCC_WARN_UNUSED_VARIABLE = YES;
				IPHONEOS_DEPLOYMENT_TARGET = 9.3;
				MTL_ENABLE_DEBUG_INFO = YES;
				ONLY_ACTIVE_ARCH = YES;
				SDKROOT = iphoneos;
			};
			name = Debug;
		};
		738598411CABCC100089FB26 /* Release */ = {
			isa = XCBuildConfiguration;
			buildSettings = {
				ALWAYS_SEARCH_USER_PATHS = NO;
				CLANG_ANALYZER_NONNULL = YES;
				CLANG_CXX_LANGUAGE_STANDARD = "gnu++0x";
				CLANG_CXX_LIBRARY = "libc++";
				CLANG_ENABLE_MODULES = YES;
				CLANG_ENABLE_OBJC_ARC = YES;
				CLANG_WARN_BOOL_CONVERSION = YES;
				CLANG_WARN_CONSTANT_CONVERSION = YES;
				CLANG_WARN_DIRECT_OBJC_ISA_USAGE = YES_ERROR;
				CLANG_WARN_EMPTY_BODY = YES;
				CLANG_WARN_ENUM_CONVERSION = YES;
				CLANG_WARN_INT_CONVERSION = YES;
				CLANG_WARN_OBJC_ROOT_CLASS = YES_ERROR;
				CLANG_WARN_UNREACHABLE_CODE = YES;
				CLANG_WARN__DUPLICATE_METHOD_MATCH = YES;
				"CODE_SIGN_IDENTITY[sdk=iphoneos*]" = "iPhone Developer";
				COPY_PHASE_STRIP = NO;
				DEBUG_INFORMATION_FORMAT = "dwarf-with-dsym";
				ENABLE_NS_ASSERTIONS = NO;
				ENABLE_STRICT_OBJC_MSGSEND = YES;
				GCC_C_LANGUAGE_STANDARD = gnu99;
				GCC_NO_COMMON_BLOCKS = YES;
				GCC_WARN_64_TO_32_BIT_CONVERSION = YES;
				GCC_WARN_ABOUT_RETURN_TYPE = YES_ERROR;
				GCC_WARN_UNDECLARED_SELECTOR = YES;
				GCC_WARN_UNINITIALIZED_AUTOS = YES_AGGRESSIVE;
				GCC_WARN_UNUSED_FUNCTION = YES;
				GCC_WARN_UNUSED_VARIABLE = YES;
				IPHONEOS_DEPLOYMENT_TARGET = 9.3;
				MTL_ENABLE_DEBUG_INFO = NO;
				SDKROOT = iphoneos;
				VALIDATE_PRODUCT = YES;
			};
			name = Release;
		};
		738598431CABCC100089FB26 /* Debug */ = {
			isa = XCBuildConfiguration;
			baseConfigurationReference = D0EA9040ADF62DF769AA7EDC /* Pods-LnuChat.debug.xcconfig */;
			buildSettings = {
				ASSETCATALOG_COMPILER_APPICON_NAME = AppIcon;
				CODE_SIGN_IDENTITY = "iPhone Developer: Mikael Melander (TLSEHCAM5D)";
				"CODE_SIGN_IDENTITY[sdk=iphoneos*]" = "iPhone Developer";
				DEVELOPMENT_TEAM = "";
				FRAMEWORK_SEARCH_PATHS = (
					"$(inherited)",
					"$(PROJECT_DIR)",
				);
				INFOPLIST_FILE = LnuChat/Info.plist;
				LD_RUNPATH_SEARCH_PATHS = "$(inherited) @executable_path/Frameworks";
				PRODUCT_BUNDLE_IDENTIFIER = com.mikaelmelander.lnuchat;
				PRODUCT_NAME = "$(TARGET_NAME)";
				PROVISIONING_PROFILE = "";
				PROVISIONING_PROFILE_SPECIFIER = "";
			};
			name = Debug;
		};
		738598441CABCC100089FB26 /* Release */ = {
			isa = XCBuildConfiguration;
			baseConfigurationReference = DC20865FDC0A0C00AA354259 /* Pods-LnuChat.release.xcconfig */;
			buildSettings = {
				ASSETCATALOG_COMPILER_APPICON_NAME = AppIcon;
				CODE_SIGN_IDENTITY = "iPhone Developer: Mikael Melander (TLSEHCAM5D)";
				"CODE_SIGN_IDENTITY[sdk=iphoneos*]" = "iPhone Developer";
				DEVELOPMENT_TEAM = "";
				FRAMEWORK_SEARCH_PATHS = (
					"$(inherited)",
					"$(PROJECT_DIR)",
				);
				INFOPLIST_FILE = LnuChat/Info.plist;
				LD_RUNPATH_SEARCH_PATHS = "$(inherited) @executable_path/Frameworks";
				PRODUCT_BUNDLE_IDENTIFIER = com.mikaelmelander.lnuchat;
				PRODUCT_NAME = "$(TARGET_NAME)";
				PROVISIONING_PROFILE = "";
				PROVISIONING_PROFILE_SPECIFIER = "";
			};
			name = Release;
		};
		738598461CABCC100089FB26 /* Debug */ = {
			isa = XCBuildConfiguration;
			baseConfigurationReference = 58A881EF3846B6BAFA12245B /* Pods-LnuChatTests.debug.xcconfig */;
			buildSettings = {
				BUNDLE_LOADER = "$(TEST_HOST)";
				INFOPLIST_FILE = LnuChatTests/Info.plist;
				LD_RUNPATH_SEARCH_PATHS = "$(inherited) @executable_path/Frameworks @loader_path/Frameworks";
				PRODUCT_BUNDLE_IDENTIFIER = com.mikaelmelander.LnuChatTests;
				PRODUCT_NAME = "$(TARGET_NAME)";
				TEST_HOST = "$(BUILT_PRODUCTS_DIR)/LnuChat.app/LnuChat";
			};
			name = Debug;
		};
		738598471CABCC100089FB26 /* Release */ = {
			isa = XCBuildConfiguration;
			baseConfigurationReference = 5610171E8C69CA3FB0105671 /* Pods-LnuChatTests.release.xcconfig */;
			buildSettings = {
				BUNDLE_LOADER = "$(TEST_HOST)";
				INFOPLIST_FILE = LnuChatTests/Info.plist;
				LD_RUNPATH_SEARCH_PATHS = "$(inherited) @executable_path/Frameworks @loader_path/Frameworks";
				PRODUCT_BUNDLE_IDENTIFIER = com.mikaelmelander.LnuChatTests;
				PRODUCT_NAME = "$(TARGET_NAME)";
				TEST_HOST = "$(BUILT_PRODUCTS_DIR)/LnuChat.app/LnuChat";
			};
			name = Release;
		};
		738598491CABCC100089FB26 /* Debug */ = {
			isa = XCBuildConfiguration;
			baseConfigurationReference = 0EFABC3F3108FF6EDEDD5259 /* Pods-LnuChatUITests.debug.xcconfig */;
			buildSettings = {
				INFOPLIST_FILE = LnuChatUITests/Info.plist;
				LD_RUNPATH_SEARCH_PATHS = "$(inherited) @executable_path/Frameworks @loader_path/Frameworks";
				PRODUCT_BUNDLE_IDENTIFIER = com.mikaelmelander.LnuChatUITests;
				PRODUCT_NAME = "$(TARGET_NAME)";
				TEST_TARGET_NAME = LnuChat;
			};
			name = Debug;
		};
		7385984A1CABCC100089FB26 /* Release */ = {
			isa = XCBuildConfiguration;
			baseConfigurationReference = B4341477D7D65E5B14406C24 /* Pods-LnuChatUITests.release.xcconfig */;
			buildSettings = {
				INFOPLIST_FILE = LnuChatUITests/Info.plist;
				LD_RUNPATH_SEARCH_PATHS = "$(inherited) @executable_path/Frameworks @loader_path/Frameworks";
				PRODUCT_BUNDLE_IDENTIFIER = com.mikaelmelander.LnuChatUITests;
				PRODUCT_NAME = "$(TARGET_NAME)";
				TEST_TARGET_NAME = LnuChat;
			};
			name = Release;
		};
/* End XCBuildConfiguration section */

/* Begin XCConfigurationList section */
		738598101CABCC100089FB26 /* Build configuration list for PBXProject "LnuChat" */ = {
			isa = XCConfigurationList;
			buildConfigurations = (
				738598401CABCC100089FB26 /* Debug */,
				738598411CABCC100089FB26 /* Release */,
			);
			defaultConfigurationIsVisible = 0;
			defaultConfigurationName = Release;
		};
		738598421CABCC100089FB26 /* Build configuration list for PBXNativeTarget "LnuChat" */ = {
			isa = XCConfigurationList;
			buildConfigurations = (
				738598431CABCC100089FB26 /* Debug */,
				738598441CABCC100089FB26 /* Release */,
			);
			defaultConfigurationIsVisible = 0;
			defaultConfigurationName = Release;
		};
		738598451CABCC100089FB26 /* Build configuration list for PBXNativeTarget "LnuChatTests" */ = {
			isa = XCConfigurationList;
			buildConfigurations = (
				738598461CABCC100089FB26 /* Debug */,
				738598471CABCC100089FB26 /* Release */,
			);
			defaultConfigurationIsVisible = 0;
			defaultConfigurationName = Release;
		};
		738598481CABCC100089FB26 /* Build configuration list for PBXNativeTarget "LnuChatUITests" */ = {
			isa = XCConfigurationList;
			buildConfigurations = (
				738598491CABCC100089FB26 /* Debug */,
				7385984A1CABCC100089FB26 /* Release */,
			);
			defaultConfigurationIsVisible = 0;
			defaultConfigurationName = Release;
		};
/* End XCConfigurationList section */
	};
	rootObject = 7385980D1CABCC100089FB26 /* Project object */;
}
